
Microsoft Visual Studio Solution File, Format Version 12.00
# Visual Studio Version 17
VisualStudioVersion = 17.7.34031.279
MinimumVisualStudioVersion = 10.0.40219.1
Project("{9A19103F-16F7-4668-BE54-9A1E7A4F7556}") = "DockerAPIDemo", "DockerAPIDemo\DockerAPIDemo.csproj", "{485F9A86-C480-4777-A3B7-9D0DFD22F8A3}"
EndProject
Project("{9A19103F-16F7-4668-BE54-9A1E7A4F7556}") = "DockerAPIDemoUnitTests", "DockerAPIDemoUnitTests\DockerAPIDemoUnitTests.csproj", "{87ADFD7C-9DAB-45E1-B8CC-C4E406AFDE05}"
EndProject
Project("{9A19103F-16F7-4668-BE54-9A1E7A4F7556}") = "DockerAPIDemoIntegrationTests", "DockerAPIDemoIntegrationTests\DockerAPIDemoIntegrationTests.csproj", "{04F07C69-651D-4B51-9E9E-DDCE7C36BF4B}"
EndProject
Global
	GlobalSection(SolutionConfigurationPlatforms) = preSolution
		Debug|Any CPU = Debug|Any CPU
		Release|Any CPU = Release|Any CPU
	EndGlobalSection
	GlobalSection(ProjectConfigurationPlatforms) = postSolution
		{485F9A86-C480-4777-A3B7-9D0DFD22F8A3}.Debug|Any CPU.ActiveCfg = Debug|Any CPU
		{485F9A86-C480-4777-A3B7-9D0DFD22F8A3}.Debug|Any CPU.Build.0 = Debug|Any CPU
		{485F9A86-C480-4777-A3B7-9D0DFD22F8A3}.Release|Any CPU.ActiveCfg = Release|Any CPU
		{485F9A86-C480-4777-A3B7-9D0DFD22F8A3}.Release|Any CPU.Build.0 = Release|Any CPU
		{87ADFD7C-9DAB-45E1-B8CC-C4E406AFDE05}.Debug|Any CPU.ActiveCfg = Debug|Any CPU
		{87ADFD7C-9DAB-45E1-B8CC-C4E406AFDE05}.Debug|Any CPU.Build.0 = Debug|Any CPU
		{87ADFD7C-9DAB-45E1-B8CC-C4E406AFDE05}.Release|Any CPU.ActiveCfg = Release|Any CPU
		{87ADFD7C-9DAB-45E1-B8CC-C4E406AFDE05}.Release|Any CPU.Build.0 = Release|Any CPU
		{04F07C69-651D-4B51-9E9E-DDCE7C36BF4B}.Debug|Any CPU.ActiveCfg = Debug|Any CPU
		{04F07C69-651D-4B51-9E9E-DDCE7C36BF4B}.Debug|Any CPU.Build.0 = Debug|Any CPU
		{04F07C69-651D-4B51-9E9E-DDCE7C36BF4B}.Release|Any CPU.ActiveCfg = Release|Any CPU
		{04F07C69-651D-4B51-9E9E-DDCE7C36BF4B}.Release|Any CPU.Build.0 = Release|Any CPU
	EndGlobalSection
	GlobalSection(SolutionProperties) = preSolution
		HideSolutionNode = FALSE
	EndGlobalSection
	GlobalSection(ExtensibilityGlobals) = postSolution
		SolutionGuid = {1B95A8EE-8F6C-4A5B-9E74-FE8FC33B5439}
	EndGlobalSection
EndGlobal
